
Microsoft Visual Studio Solution File, Format Version 12.00
# Visual Studio Version 16
VisualStudioVersion = 16.0.30309.148
MinimumVisualStudioVersion = 10.0.40219.1
Project("{FAE04EC0-301F-11D3-BF4B-00C04F79EFBC}") = "PotterKata", "PotterKata\PotterKata.csproj", "{AB7B9457-EEFD-4AE2-8FD6-CAA324F7085C}"
EndProject
Project("{FAE04EC0-301F-11D3-BF4B-00C04F79EFBC}") = "PotterKataTests", "PotterKataTests\PotterKataTests.csproj", "{C3F3ED87-88E0-4DBA-BFE7-C12C0A307910}"
EndProject
Global
	GlobalSection(SolutionConfigurationPlatforms) = preSolution
		Debug|Any CPU = Debug|Any CPU
		Release|Any CPU = Release|Any CPU
	EndGlobalSection
	GlobalSection(ProjectConfigurationPlatforms) = postSolution
		{AB7B9457-EEFD-4AE2-8FD6-CAA324F7085C}.Debug|Any CPU.ActiveCfg = Debug|Any CPU
		{AB7B9457-EEFD-4AE2-8FD6-CAA324F7085C}.Debug|Any CPU.Build.0 = Debug|Any CPU
		{AB7B9457-EEFD-4AE2-8FD6-CAA324F7085C}.Release|Any CPU.ActiveCfg = Release|Any CPU
		{AB7B9457-EEFD-4AE2-8FD6-CAA324F7085C}.Release|Any CPU.Build.0 = Release|Any CPU
		{C3F3ED87-88E0-4DBA-BFE7-C12C0A307910}.Debug|Any CPU.ActiveCfg = Debug|Any CPU
		{C3F3ED87-88E0-4DBA-BFE7-C12C0A307910}.Debug|Any CPU.Build.0 = Debug|Any CPU
		{C3F3ED87-88E0-4DBA-BFE7-C12C0A307910}.Release|Any CPU.ActiveCfg = Release|Any CPU
		{C3F3ED87-88E0-4DBA-BFE7-C12C0A307910}.Release|Any CPU.Build.0 = Release|Any CPU
	EndGlobalSection
	GlobalSection(SolutionProperties) = preSolution
		HideSolutionNode = FALSE
	EndGlobalSection
	GlobalSection(ExtensibilityGlobals) = postSolution
		SolutionGuid = {D60E8E99-755F-4A1B-A5E3-0D784D010726}
	EndGlobalSection
EndGlobal
